
Microsoft Visual Studio Solution File, Format Version 12.00
# Visual Studio Version 17
VisualStudioVersion = 17.7.34031.279
MinimumVisualStudioVersion = 10.0.40219.1
Project("{9A19103F-16F7-4668-BE54-9A1E7A4F7556}") = "APIGateway", "APIGateway\APIGateway.csproj", "{5683EEAC-AF46-452F-AF27-045531E76FFB}"
EndProject
Project("{FAE04EC0-301F-11D3-BF4B-00C04F79EFBC}") = "JwtAuthenticationManager", "JwtAuthenticationManager\JwtAuthenticationManager.csproj", "{1B0A5C46-483F-4348-B43C-52ED16091393}"
EndProject
Project("{FAE04EC0-301F-11D3-BF4B-00C04F79EFBC}") = "DemoAuth.Api", "DemoAuth.Api\DemoAuth.Api.csproj", "{0BBBD3CE-97EB-4514-A262-BE3B419FE73B}"
EndProject
Global
	GlobalSection(SolutionConfigurationPlatforms) = preSolution
		Debug|Any CPU = Debug|Any CPU
		Release|Any CPU = Release|Any CPU
	EndGlobalSection
	GlobalSection(ProjectConfigurationPlatforms) = postSolution
		{5683EEAC-AF46-452F-AF27-045531E76FFB}.Debug|Any CPU.ActiveCfg = Debug|Any CPU
		{5683EEAC-AF46-452F-AF27-045531E76FFB}.Debug|Any CPU.Build.0 = Debug|Any CPU
		{5683EEAC-AF46-452F-AF27-045531E76FFB}.Release|Any CPU.ActiveCfg = Release|Any CPU
		{5683EEAC-AF46-452F-AF27-045531E76FFB}.Release|Any CPU.Build.0 = Release|Any CPU
		{1B0A5C46-483F-4348-B43C-52ED16091393}.Debug|Any CPU.ActiveCfg = Debug|Any CPU
		{1B0A5C46-483F-4348-B43C-52ED16091393}.Debug|Any CPU.Build.0 = Debug|Any CPU
		{1B0A5C46-483F-4348-B43C-52ED16091393}.Release|Any CPU.ActiveCfg = Release|Any CPU
		{1B0A5C46-483F-4348-B43C-52ED16091393}.Release|Any CPU.Build.0 = Release|Any CPU
		{0BBBD3CE-97EB-4514-A262-BE3B419FE73B}.Debug|Any CPU.ActiveCfg = Debug|Any CPU
		{0BBBD3CE-97EB-4514-A262-BE3B419FE73B}.Debug|Any CPU.Build.0 = Debug|Any CPU
		{0BBBD3CE-97EB-4514-A262-BE3B419FE73B}.Release|Any CPU.ActiveCfg = Release|Any CPU
		{0BBBD3CE-97EB-4514-A262-BE3B419FE73B}.Release|Any CPU.Build.0 = Release|Any CPU
	EndGlobalSection
	GlobalSection(SolutionProperties) = preSolution
		HideSolutionNode = FALSE
	EndGlobalSection
	GlobalSection(ExtensibilityGlobals) = postSolution
		SolutionGuid = {C486B181-BDA6-48B9-83A0-076304E2B2FB}
	EndGlobalSection
EndGlobal
